// !$*UTF8*$!
{
	archiveVersion = 1;
	classes = {
	};
	objectVersion = 50;
	objects = {

/* Begin PBXBuildFile section */
		E217BD7723B3700100AB830B /* index.html in Resources */ = {isa = PBXBuildFile; fileRef = E217BD7623B3700100AB830B /* index.html */; };
		E217BD7923B453BA00AB830B /* axios.min.js in Resources */ = {isa = PBXBuildFile; fileRef = E217BD7823B453BA00AB830B /* axios.min.js */; };
		E2F10F4823AC7623004A7A0B /* AppDelegate.m in Sources */ = {isa = PBXBuildFile; fileRef = E2F10F4723AC7623004A7A0B /* AppDelegate.m */; };
		E2F10F4B23AC7623004A7A0B /* SceneDelegate.m in Sources */ = {isa = PBXBuildFile; fileRef = E2F10F4A23AC7623004A7A0B /* SceneDelegate.m */; };
		E2F10F4E23AC7623004A7A0B /* ViewController.m in Sources */ = {isa = PBXBuildFile; fileRef = E2F10F4D23AC7623004A7A0B /* ViewController.m */; };
		E2F10F5123AC7623004A7A0B /* Main.storyboard in Resources */ = {isa = PBXBuildFile; fileRef = E2F10F4F23AC7623004A7A0B /* Main.storyboard */; };
		E2F10F5323AC7625004A7A0B /* Assets.xcassets in Resources */ = {isa = PBXBuildFile; fileRef = E2F10F5223AC7625004A7A0B /* Assets.xcassets */; };
		E2F10F5623AC7625004A7A0B /* LaunchScreen.storyboard in Resources */ = {isa = PBXBuildFile; fileRef = E2F10F5423AC7625004A7A0B /* LaunchScreen.storyboard */; };
		E2F10F5923AC7625004A7A0B /* main.m in Sources */ = {isa = PBXBuildFile; fileRef = E2F10F5823AC7625004A7A0B /* main.m */; };
		E2F10F6123AC8CF3004A7A0B /* LoadingLayer.m in Sources */ = {isa = PBXBuildFile; fileRef = E2F10F6023AC8CF3004A7A0B /* LoadingLayer.m */; };
		E2F10F6523AC9314004A7A0B /* LoadingView.m in Sources */ = {isa = PBXBuildFile; fileRef = E2F10F6423AC9314004A7A0B /* LoadingView.m */; };
		E2F10F7123B0A4A1004A7A0B /* LoadingStartLayer.m in Sources */ = {isa = PBXBuildFile; fileRef = E2F10F7023B0A4A1004A7A0B /* LoadingStartLayer.m */; };
		E2F10F7323B1A2CC004A7A0B /* LoadingButton.storyboard in Resources */ = {isa = PBXBuildFile; fileRef = E2F10F7223B1A2CC004A7A0B /* LoadingButton.storyboard */; };
		E2F10F7623B1B7D0004A7A0B /* LoadingButtonViewController.m in Sources */ = {isa = PBXBuildFile; fileRef = E2F10F7523B1B7D0004A7A0B /* LoadingButtonViewController.m */; };
		E2F10F7A23B1F5D4004A7A0B /* RecordVideo.m in Sources */ = {isa = PBXBuildFile; fileRef = E2F10F7923B1F5D4004A7A0B /* RecordVideo.m */; };
		E2F10F7D23B206EB004A7A0B /* RecordVideoViewController.m in Sources */ = {isa = PBXBuildFile; fileRef = E2F10F7C23B206EB004A7A0B /* RecordVideoViewController.m */; };
		E2F10F7F23B206FC004A7A0B /* RecordVideo.storyboard in Resources */ = {isa = PBXBuildFile; fileRef = E2F10F7E23B206FC004A7A0B /* RecordVideo.storyboard */; };
		E2F10F8123B35661004A7A0B /* Webview.storyboard in Resources */ = {isa = PBXBuildFile; fileRef = E2F10F8023B35661004A7A0B /* Webview.storyboard */; };
		E2F10F8523B35714004A7A0B /* WebviewViewController.m in Sources */ = {isa = PBXBuildFile; fileRef = E2F10F8423B35714004A7A0B /* WebviewViewController.m */; };
/* End PBXBuildFile section */

/* Begin PBXFileReference section */
		E217BD7623B3700100AB830B /* index.html */ = {isa = PBXFileReference; fileEncoding = 4; lastKnownFileType = text.html; path = index.html; sourceTree = "<group>"; };
		E217BD7823B453BA00AB830B /* axios.min.js */ = {isa = PBXFileReference; fileEncoding = 4; lastKnownFileType = sourcecode.javascript; path = axios.min.js; sourceTree = "<group>"; };
		E2F10F4323AC7623004A7A0B /* TestSample.app */ = {isa = PBXFileReference; explicitFileType = wrapper.application; includeInIndex = 0; path = TestSample.app; sourceTree = BUILT_PRODUCTS_DIR; };
		E2F10F4623AC7623004A7A0B /* AppDelegate.h */ = {isa = PBXFileReference; lastKnownFileType = sourcecode.c.h; path = AppDelegate.h; sourceTree = "<group>"; };
		E2F10F4723AC7623004A7A0B /* AppDelegate.m */ = {isa = PBXFileReference; lastKnownFileType = sourcecode.c.objc; path = AppDelegate.m; sourceTree = "<group>"; };
		E2F10F4923AC7623004A7A0B /* SceneDelegate.h */ = {isa = PBXFileReference; lastKnownFileType = sourcecode.c.h; path = SceneDelegate.h; sourceTree = "<group>"; };
		E2F10F4A23AC7623004A7A0B /* SceneDelegate.m */ = {isa = PBXFileReference; lastKnownFileType = sourcecode.c.objc; path = SceneDelegate.m; sourceTree = "<group>"; };
		E2F10F4C23AC7623004A7A0B /* ViewController.h */ = {isa = PBXFileReference; lastKnownFileType = sourcecode.c.h; path = ViewController.h; sourceTree = "<group>"; };
		E2F10F4D23AC7623004A7A0B /* ViewController.m */ = {isa = PBXFileReference; lastKnownFileType = sourcecode.c.objc; path = ViewController.m; sourceTree = "<group>"; };
		E2F10F5023AC7623004A7A0B /* Base */ = {isa = PBXFileReference; lastKnownFileType = file.storyboard; name = Base; path = Base.lproj/Main.storyboard; sourceTree = "<group>"; };
		E2F10F5223AC7625004A7A0B /* Assets.xcassets */ = {isa = PBXFileReference; lastKnownFileType = folder.assetcatalog; path = Assets.xcassets; sourceTree = "<group>"; };
		E2F10F5523AC7625004A7A0B /* Base */ = {isa = PBXFileReference; lastKnownFileType = file.storyboard; name = Base; path = Base.lproj/LaunchScreen.storyboard; sourceTree = "<group>"; };
		E2F10F5723AC7625004A7A0B /* Info.plist */ = {isa = PBXFileReference; lastKnownFileType = text.plist.xml; path = Info.plist; sourceTree = "<group>"; };
		E2F10F5823AC7625004A7A0B /* main.m */ = {isa = PBXFileReference; lastKnownFileType = sourcecode.c.objc; path = main.m; sourceTree = "<group>"; };
		E2F10F6023AC8CF3004A7A0B /* LoadingLayer.m */ = {isa = PBXFileReference; lastKnownFileType = sourcecode.c.objc; path = LoadingLayer.m; sourceTree = "<group>"; };
		E2F10F6223AC8D15004A7A0B /* LoadingLayer.h */ = {isa = PBXFileReference; lastKnownFileType = sourcecode.c.h; path = LoadingLayer.h; sourceTree = "<group>"; };
		E2F10F6323AC92E3004A7A0B /* LoadingView.h */ = {isa = PBXFileReference; lastKnownFileType = sourcecode.c.h; path = LoadingView.h; sourceTree = "<group>"; };
		E2F10F6423AC9314004A7A0B /* LoadingView.m */ = {isa = PBXFileReference; lastKnownFileType = sourcecode.c.objc; path = LoadingView.m; sourceTree = "<group>"; };
		E2F10F6F23B0A48A004A7A0B /* LoadingStartLayer.h */ = {isa = PBXFileReference; lastKnownFileType = sourcecode.c.h; path = LoadingStartLayer.h; sourceTree = "<group>"; };
		E2F10F7023B0A4A1004A7A0B /* LoadingStartLayer.m */ = {isa = PBXFileReference; lastKnownFileType = sourcecode.c.objc; path = LoadingStartLayer.m; sourceTree = "<group>"; };
		E2F10F7223B1A2CC004A7A0B /* LoadingButton.storyboard */ = {isa = PBXFileReference; lastKnownFileType = file.storyboard; path = LoadingButton.storyboard; sourceTree = "<group>"; };
		E2F10F7423B1B7C5004A7A0B /* LoadingButtonViewController.h */ = {isa = PBXFileReference; lastKnownFileType = sourcecode.c.h; path = LoadingButtonViewController.h; sourceTree = "<group>"; };
		E2F10F7523B1B7D0004A7A0B /* LoadingButtonViewController.m */ = {isa = PBXFileReference; lastKnownFileType = sourcecode.c.objc; path = LoadingButtonViewController.m; sourceTree = "<group>"; };
		E2F10F7823B1F5C2004A7A0B /* RecordVideo.h */ = {isa = PBXFileReference; lastKnownFileType = sourcecode.c.h; path = RecordVideo.h; sourceTree = "<group>"; };
		E2F10F7923B1F5D4004A7A0B /* RecordVideo.m */ = {isa = PBXFileReference; lastKnownFileType = sourcecode.c.objc; path = RecordVideo.m; sourceTree = "<group>"; };
		E2F10F7B23B206DA004A7A0B /* RecordVideoViewController.h */ = {isa = PBXFileReference; lastKnownFileType = sourcecode.c.h; path = RecordVideoViewController.h; sourceTree = "<group>"; };
		E2F10F7C23B206EB004A7A0B /* RecordVideoViewController.m */ = {isa = PBXFileReference; lastKnownFileType = sourcecode.c.objc; path = RecordVideoViewController.m; sourceTree = "<group>"; };
		E2F10F7E23B206FC004A7A0B /* RecordVideo.storyboard */ = {isa = PBXFileReference; lastKnownFileType = file.storyboard; path = RecordVideo.storyboard; sourceTree = "<group>"; };
		E2F10F8023B35661004A7A0B /* Webview.storyboard */ = {isa = PBXFileReference; lastKnownFileType = file.storyboard; path = Webview.storyboard; sourceTree = "<group>"; };
		E2F10F8323B3570B004A7A0B /* WebviewViewController.h */ = {isa = PBXFileReference; lastKnownFileType = sourcecode.c.h; path = WebviewViewController.h; sourceTree = "<group>"; };
		E2F10F8423B35714004A7A0B /* WebviewViewController.m */ = {isa = PBXFileReference; lastKnownFileType = sourcecode.c.objc; path = WebviewViewController.m; sourceTree = "<group>"; };
/* End PBXFileReference section */

/* Begin PBXFrameworksBuildPhase section */
		E2F10F4023AC7623004A7A0B /* Frameworks */ = {
			isa = PBXFrameworksBuildPhase;
			buildActionMask = 2147483647;
			files = (
			);
			runOnlyForDeploymentPostprocessing = 0;
		};
/* End PBXFrameworksBuildPhase section */

/* Begin PBXGroup section */
		E217BD7523B3700100AB830B /* Resources */ = {
			isa = PBXGroup;
			children = (
				E217BD7823B453BA00AB830B /* axios.min.js */,
				E217BD7623B3700100AB830B /* index.html */,
			);
			path = Resources;
			sourceTree = "<group>";
		};
		E2F10F3A23AC7622004A7A0B = {
			isa = PBXGroup;
			children = (
				E2F10F4523AC7623004A7A0B /* TestSample */,
				E2F10F4423AC7623004A7A0B /* Products */,
			);
			sourceTree = "<group>";
		};
		E2F10F4423AC7623004A7A0B /* Products */ = {
			isa = PBXGroup;
			children = (
				E2F10F4323AC7623004A7A0B /* TestSample.app */,
			);
			name = Products;
			sourceTree = "<group>";
		};
		E2F10F4523AC7623004A7A0B /* TestSample */ = {
			isa = PBXGroup;
			children = (
				E217BD7523B3700100AB830B /* Resources */,
				E2F10F8223B356E9004A7A0B /* Webview */,
				E2F10F7723B1F31C004A7A0B /* RecordVideo */,
				E2F10F5F23AC8CBD004A7A0B /* LoadingButton */,
				E2F10F4623AC7623004A7A0B /* AppDelegate.h */,
				E2F10F4723AC7623004A7A0B /* AppDelegate.m */,
				E2F10F4923AC7623004A7A0B /* SceneDelegate.h */,
				E2F10F4A23AC7623004A7A0B /* SceneDelegate.m */,
				E2F10F4C23AC7623004A7A0B /* ViewController.h */,
				E2F10F4D23AC7623004A7A0B /* ViewController.m */,
				E2F10F4F23AC7623004A7A0B /* Main.storyboard */,
				E2F10F5223AC7625004A7A0B /* Assets.xcassets */,
				E2F10F5423AC7625004A7A0B /* LaunchScreen.storyboard */,
				E2F10F5723AC7625004A7A0B /* Info.plist */,
				E2F10F5823AC7625004A7A0B /* main.m */,
			);
			path = TestSample;
			sourceTree = "<group>";
		};
		E2F10F5F23AC8CBD004A7A0B /* LoadingButton */ = {
			isa = PBXGroup;
			children = (
				E2F10F6223AC8D15004A7A0B /* LoadingLayer.h */,
				E2F10F6023AC8CF3004A7A0B /* LoadingLayer.m */,
				E2F10F6F23B0A48A004A7A0B /* LoadingStartLayer.h */,
				E2F10F7023B0A4A1004A7A0B /* LoadingStartLayer.m */,
				E2F10F6323AC92E3004A7A0B /* LoadingView.h */,
				E2F10F6423AC9314004A7A0B /* LoadingView.m */,
				E2F10F7223B1A2CC004A7A0B /* LoadingButton.storyboard */,
				E2F10F7423B1B7C5004A7A0B /* LoadingButtonViewController.h */,
				E2F10F7523B1B7D0004A7A0B /* LoadingButtonViewController.m */,
			);
			path = LoadingButton;
			sourceTree = "<group>";
		};
		E2F10F7723B1F31C004A7A0B /* RecordVideo */ = {
			isa = PBXGroup;
			children = (
				E2F10F7823B1F5C2004A7A0B /* RecordVideo.h */,
				E2F10F7923B1F5D4004A7A0B /* RecordVideo.m */,
				E2F10F7B23B206DA004A7A0B /* RecordVideoViewController.h */,
				E2F10F7C23B206EB004A7A0B /* RecordVideoViewController.m */,
				E2F10F7E23B206FC004A7A0B /* RecordVideo.storyboard */,
			);
			path = RecordVideo;
			sourceTree = "<group>";
		};
		E2F10F8223B356E9004A7A0B /* Webview */ = {
			isa = PBXGroup;
			children = (
				E2F10F8023B35661004A7A0B /* Webview.storyboard */,
				E2F10F8323B3570B004A7A0B /* WebviewViewController.h */,
				E2F10F8423B35714004A7A0B /* WebviewViewController.m */,
			);
			path = Webview;
			sourceTree = "<group>";
		};
/* End PBXGroup section */

/* Begin PBXNativeTarget section */
		E2F10F4223AC7623004A7A0B /* TestSample */ = {
			isa = PBXNativeTarget;
			buildConfigurationList = E2F10F5C23AC7625004A7A0B /* Build configuration list for PBXNativeTarget "TestSample" */;
			buildPhases = (
				E2F10F3F23AC7623004A7A0B /* Sources */,
				E2F10F4023AC7623004A7A0B /* Frameworks */,
				E2F10F4123AC7623004A7A0B /* Resources */,
			);
			buildRules = (
			);
			dependencies = (
			);
			name = TestSample;
			productName = TestSample;
			productReference = E2F10F4323AC7623004A7A0B /* TestSample.app */;
			productType = "com.apple.product-type.application";
		};
/* End PBXNativeTarget section */

/* Begin PBXProject section */
		E2F10F3B23AC7622004A7A0B /* Project object */ = {
			isa = PBXProject;
			attributes = {
				LastUpgradeCheck = 1130;
				ORGANIZATIONNAME = "Violet Deng";
				TargetAttributes = {
					E2F10F4223AC7623004A7A0B = {
						CreatedOnToolsVersion = 11.3;
					};
				};
			};
			buildConfigurationList = E2F10F3E23AC7622004A7A0B /* Build configuration list for PBXProject "TestSample" */;
			compatibilityVersion = "Xcode 9.3";
			developmentRegion = en;
			hasScannedForEncodings = 0;
			knownRegions = (
				en,
				Base,
			);
			mainGroup = E2F10F3A23AC7622004A7A0B;
			productRefGroup = E2F10F4423AC7623004A7A0B /* Products */;
			projectDirPath = "";
			projectRoot = "";
			targets = (
				E2F10F4223AC7623004A7A0B /* TestSample */,
			);
		};
/* End PBXProject section */

/* Begin PBXResourcesBuildPhase section */
		E2F10F4123AC7623004A7A0B /* Resources */ = {
			isa = PBXResourcesBuildPhase;
			buildActionMask = 2147483647;
			files = (
				E217BD7723B3700100AB830B /* index.html in Resources */,
				E2F10F8123B35661004A7A0B /* Webview.storyboard in Resources */,
				E2F10F7F23B206FC004A7A0B /* RecordVideo.storyboard in Resources */,
				E2F10F5623AC7625004A7A0B /* LaunchScreen.storyboard in Resources */,
				E2F10F7323B1A2CC004A7A0B /* LoadingButton.storyboard in Resources */,
				E217BD7923B453BA00AB830B /* axios.min.js in Resources */,
				E2F10F5323AC7625004A7A0B /* Assets.xcassets in Resources */,
				E2F10F5123AC7623004A7A0B /* Main.storyboard in Resources */,
			);
			runOnlyForDeploymentPostprocessing = 0;
		};
/* End PBXResourcesBuildPhase section */

/* Begin PBXSourcesBuildPhase section */
		E2F10F3F23AC7623004A7A0B /* Sources */ = {
			isa = PBXSourcesBuildPhase;
			buildActionMask = 2147483647;
			files = (
				E2F10F4E23AC7623004A7A0B /* ViewController.m in Sources */,
				E2F10F7623B1B7D0004A7A0B /* LoadingButtonViewController.m in Sources */,
				E2F10F6523AC9314004A7A0B /* LoadingView.m in Sources */,
				E2F10F7D23B206EB004A7A0B /* RecordVideoViewController.m in Sources */,
				E2F10F8523B35714004A7A0B /* WebviewViewController.m in Sources */,
				E2F10F4823AC7623004A7A0B /* AppDelegate.m in Sources */,
				E2F10F7123B0A4A1004A7A0B /* LoadingStartLayer.m in Sources */,
				E2F10F5923AC7625004A7A0B /* main.m in Sources */,
				E2F10F7A23B1F5D4004A7A0B /* RecordVideo.m in Sources */,
				E2F10F6123AC8CF3004A7A0B /* LoadingLayer.m in Sources */,
				E2F10F4B23AC7623004A7A0B /* SceneDelegate.m in Sources */,
			);
			runOnlyForDeploymentPostprocessing = 0;
		};
/* End PBXSourcesBuildPhase section */

/* Begin PBXVariantGroup section */
		E2F10F4F23AC7623004A7A0B /* Main.storyboard */ = {
			isa = PBXVariantGroup;
			children = (
				E2F10F5023AC7623004A7A0B /* Base */,
			);
			name = Main.storyboard;
			sourceTree = "<group>";
		};
		E2F10F5423AC7625004A7A0B /* LaunchScreen.storyboard */ = {
			isa = PBXVariantGroup;
			children = (
				E2F10F5523AC7625004A7A0B /* Base */,
			);
			name = LaunchScreen.storyboard;
			sourceTree = "<group>";
		};
/* End PBXVariantGroup section */

/* Begin XCBuildConfiguration section */
		E2F10F5A23AC7625004A7A0B /* Debug */ = {
			isa = XCBuildConfiguration;
			buildSettings = {
				ALWAYS_SEARCH_USER_PATHS = NO;
				CLANG_ANALYZER_NONNULL = YES;
				CLANG_ANALYZER_NUMBER_OBJECT_CONVERSION = YES_AGGRESSIVE;
				CLANG_CXX_LANGUAGE_STANDARD = "gnu++14";
				CLANG_CXX_LIBRARY = "libc++";
				CLANG_ENABLE_MODULES = YES;
				CLANG_ENABLE_OBJC_ARC = YES;
				CLANG_ENABLE_OBJC_WEAK = YES;
				CLANG_WARN_BLOCK_CAPTURE_AUTORELEASING = YES;
				CLANG_WARN_BOOL_CONVERSION = YES;
				CLANG_WARN_COMMA = YES;
				CLANG_WARN_CONSTANT_CONVERSION = YES;
				CLANG_WARN_DEPRECATED_OBJC_IMPLEMENTATIONS = YES;
				CLANG_WARN_DIRECT_OBJC_ISA_USAGE = YES_ERROR;
				CLANG_WARN_DOCUMENTATION_COMMENTS = YES;
				CLANG_WARN_EMPTY_BODY = YES;
				CLANG_WARN_ENUM_CONVERSION = YES;
				CLANG_WARN_INFINITE_RECURSION = YES;
				CLANG_WARN_INT_CONVERSION = YES;
				CLANG_WARN_NON_LITERAL_NULL_CONVERSION = YES;
				CLANG_WARN_OBJC_IMPLICIT_RETAIN_SELF = YES;
				CLANG_WARN_OBJC_LITERAL_CONVERSION = YES;
				CLANG_WARN_OBJC_ROOT_CLASS = YES_ERROR;
				CLANG_WARN_RANGE_LOOP_ANALYSIS = YES;
				CLANG_WARN_STRICT_PROTOTYPES = YES;
				CLANG_WARN_SUSPICIOUS_MOVE = YES;
				CLANG_WARN_UNGUARDED_AVAILABILITY = YES_AGGRESSIVE;
				CLANG_WARN_UNREACHABLE_CODE = YES;
				CLANG_WARN__DUPLICATE_METHOD_MATCH = YES;
				CODE_SIGN_IDENTITY = "Apple Development";
				COPY_PHASE_STRIP = NO;
				DEBUG_INFORMATION_FORMAT = dwarf;
				ENABLE_STRICT_OBJC_MSGSEND = YES;
				ENABLE_TESTABILITY = YES;
				GCC_C_LANGUAGE_STANDARD = gnu11;
				GCC_DYNAMIC_NO_PIC = NO;
				GCC_NO_COMMON_BLOCKS = YES;
				GCC_OPTIMIZATION_LEVEL = 0;
				GCC_PREPROCESSOR_DEFINITIONS = (
					"DEBUG=1",
					"$(inherited)",
				);
				GCC_WARN_64_TO_32_BIT_CONVERSION = YES;
				GCC_WARN_ABOUT_RETURN_TYPE = YES_ERROR;
				GCC_WARN_UNDECLARED_SELECTOR = YES;
				GCC_WARN_UNINITIALIZED_AUTOS = YES_AGGRESSIVE;
				GCC_WARN_UNUSED_FUNCTION = YES;
				GCC_WARN_UNUSED_VARIABLE = YES;
				IPHONEOS_DEPLOYMENT_TARGET = 13.0;
				MTL_ENABLE_DEBUG_INFO = INCLUDE_SOURCE;
				MTL_FAST_MATH = YES;
				ONLY_ACTIVE_ARCH = YES;
				OTHER_CODE_SIGN_FLAGS = "";
				SDKROOT = iphoneos;
			};
			name = Debug;
		};
		E2F10F5B23AC7625004A7A0B /* Release */ = {
			isa = XCBuildConfiguration;
			buildSettings = {
				ALWAYS_SEARCH_USER_PATHS = NO;
				CLANG_ANALYZER_NONNULL = YES;
				CLANG_ANALYZER_NUMBER_OBJECT_CONVERSION = YES_AGGRESSIVE;
				CLANG_CXX_LANGUAGE_STANDARD = "gnu++14";
				CLANG_CXX_LIBRARY = "libc++";
				CLANG_ENABLE_MODULES = YES;
				CLANG_ENABLE_OBJC_ARC = YES;
				CLANG_ENABLE_OBJC_WEAK = YES;
				CLANG_WARN_BLOCK_CAPTURE_AUTORELEASING = YES;
				CLANG_WARN_BOOL_CONVERSION = YES;
				CLANG_WARN_COMMA = YES;
				CLANG_WARN_CONSTANT_CONVERSION = YES;
				CLANG_WARN_DEPRECATED_OBJC_IMPLEMENTATIONS = YES;
				CLANG_WARN_DIRECT_OBJC_ISA_USAGE = YES_ERROR;
				CLANG_WARN_DOCUMENTATION_COMMENTS = YES;
				CLANG_WARN_EMPTY_BODY = YES;
				CLANG_WARN_ENUM_CONVERSION = YES;
				CLANG_WARN_INFINITE_RECURSION = YES;
				CLANG_WARN_INT_CONVERSION = YES;
				CLANG_WARN_NON_LITERAL_NULL_CONVERSION = YES;
				CLANG_WARN_OBJC_IMPLICIT_RETAIN_SELF = YES;
				CLANG_WARN_OBJC_LITERAL_CONVERSION = YES;
				CLANG_WARN_OBJC_ROOT_CLASS = YES_ERROR;
				CLANG_WARN_RANGE_LOOP_ANALYSIS = YES;
				CLANG_WARN_STRICT_PROTOTYPES = YES;
				CLANG_WARN_SUSPICIOUS_MOVE = YES;
				CLANG_WARN_UNGUARDED_AVAILABILITY = YES_AGGRESSIVE;
				CLANG_WARN_UNREACHABLE_CODE = YES;
				CLANG_WARN__DUPLICATE_METHOD_MATCH = YES;
				CODE_SIGN_IDENTITY = "Apple Development";
				COPY_PHASE_STRIP = NO;
				DEBUG_INFORMATION_FORMAT = "dwarf-with-dsym";
				ENABLE_NS_ASSERTIONS = NO;
				ENABLE_STRICT_OBJC_MSGSEND = YES;
				GCC_C_LANGUAGE_STANDARD = gnu11;
				GCC_NO_COMMON_BLOCKS = YES;
				GCC_WARN_64_TO_32_BIT_CONVERSION = YES;
				GCC_WARN_ABOUT_RETURN_TYPE = YES_ERROR;
				GCC_WARN_UNDECLARED_SELECTOR = YES;
				GCC_WARN_UNINITIALIZED_AUTOS = YES_AGGRESSIVE;
				GCC_WARN_UNUSED_FUNCTION = YES;
				GCC_WARN_UNUSED_VARIABLE = YES;
				IPHONEOS_DEPLOYMENT_TARGET = 13.0;
				MTL_ENABLE_DEBUG_INFO = NO;
				MTL_FAST_MATH = YES;
				OTHER_CODE_SIGN_FLAGS = "";
				SDKROOT = iphoneos;
				VALIDATE_PRODUCT = YES;
			};
			name = Release;
		};
		E2F10F5D23AC7625004A7A0B /* Debug */ = {
			isa = XCBuildConfiguration;
			buildSettings = {
				ASSETCATALOG_COMPILER_APPICON_NAME = AppIcon;
				CODE_SIGN_IDENTITY = "Apple Development";
				CODE_SIGN_STYLE = Automatic;
				DEVELOPMENT_TEAM = 7FHJB25KTR;
				INFOPLIST_FILE = TestSample/Info.plist;
				IPHONEOS_DEPLOYMENT_TARGET = 13.0;
				LD_RUNPATH_SEARCH_PATHS = (
					"$(inherited)",
					"@executable_path/Frameworks",
				);
				PRODUCT_BUNDLE_IDENTIFIER = com.violet.TestSample;
				PRODUCT_NAME = "$(TARGET_NAME)";
				PROVISIONING_PROFILE_SPECIFIER = "";
				TARGETED_DEVICE_FAMILY = "1,2";
			};
			name = Debug;
		};
		E2F10F5E23AC7625004A7A0B /* Release */ = {
			isa = XCBuildConfiguration;
			buildSettings = {
				ASSETCATALOG_COMPILER_APPICON_NAME = AppIcon;
				CODE_SIGN_IDENTITY = "Apple Development";
				CODE_SIGN_STYLE = Automatic;
				DEVELOPMENT_TEAM = 7FHJB25KTR;
				INFOPLIST_FILE = TestSample/Info.plist;
				IPHONEOS_DEPLOYMENT_TARGET = 13.0;
				LD_RUNPATH_SEARCH_PATHS = (
					"$(inherited)",
					"@executable_path/Frameworks",
				);
				PRODUCT_BUNDLE_IDENTIFIER = com.violet.TestSample;
				PRODUCT_NAME = "$(TARGET_NAME)";
				PROVISIONING_PROFILE_SPECIFIER = "";
				TARGETED_DEVICE_FAMILY = "1,2";
			};
			name = Release;
		};
/* End XCBuildConfiguration section */

/* Begin XCConfigurationList section */
		E2F10F3E23AC7622004A7A0B /* Build configuration list for PBXProject "TestSample" */ = {
			isa = XCConfigurationList;
			buildConfigurations = (
				E2F10F5A23AC7625004A7A0B /* Debug */,
				E2F10F5B23AC7625004A7A0B /* Release */,
			);
			defaultConfigurationIsVisible = 0;
			defaultConfigurationName = Release;
		};
		E2F10F5C23AC7625004A7A0B /* Build configuration list for PBXNativeTarget "TestSample" */ = {
			isa = XCConfigurationList;
			buildConfigurations = (
				E2F10F5D23AC7625004A7A0B /* Debug */,
				E2F10F5E23AC7625004A7A0B /* Release */,
			);
			defaultConfigurationIsVisible = 0;
			defaultConfigurationName = Release;
		};
/* End XCConfigurationList section */
	};
	rootObject = E2F10F3B23AC7622004A7A0B /* Project object */;
}
